
Microsoft Visual Studio Solution File, Format Version 12.00
# Visual Studio 2015
Project("{FAE04EC0-301F-11D3-BF4B-00C04F79EFBC}") = "Ludum Dare 37", "Ludum Dare 37.csproj", "{454AB604-6AC8-D7EF-071A-5237E7774056}"
EndProject
Global
	GlobalSection(SolutionConfigurationPlatforms) = preSolution
		Debug|Any CPU = Debug|Any CPU
		Release|Any CPU = Release|Any CPU
	EndGlobalSection
	GlobalSection(ProjectConfigurationPlatforms) = postSolution
		{454AB604-6AC8-D7EF-071A-5237E7774056}.Debug|Any CPU.ActiveCfg = Debug|Any CPU
		{454AB604-6AC8-D7EF-071A-5237E7774056}.Debug|Any CPU.Build.0 = Debug|Any CPU
		{454AB604-6AC8-D7EF-071A-5237E7774056}.Release|Any CPU.ActiveCfg = Release|Any CPU
		{454AB604-6AC8-D7EF-071A-5237E7774056}.Release|Any CPU.Build.0 = Release|Any CPU
	EndGlobalSection
	GlobalSection(SolutionProperties) = preSolution
		HideSolutionNode = FALSE
	EndGlobalSection
EndGlobal
